
Microsoft Visual Studio Solution File, Format Version 12.00
# Visual Studio Version 17
VisualStudioVersion = 17.13.35931.197 d17.13
MinimumVisualStudioVersion = 10.0.40219.1
Project("{FAE04EC0-301F-11D3-BF4B-00C04F79EFBC}") = "ProgramacaoD0Zero", "ProgramacaoD0Zero\ProgramacaoD0Zero.csproj", "{CADA06C4-A8F1-4AEA-9E39-E24172B57D57}"
EndProject
Global
	GlobalSection(SolutionConfigurationPlatforms) = preSolution
		Debug|Any CPU = Debug|Any CPU
		Release|Any CPU = Release|Any CPU
	EndGlobalSection
	GlobalSection(ProjectConfigurationPlatforms) = postSolution
		{CADA06C4-A8F1-4AEA-9E39-E24172B57D57}.Debug|Any CPU.ActiveCfg = Debug|Any CPU
		{CADA06C4-A8F1-4AEA-9E39-E24172B57D57}.Debug|Any CPU.Build.0 = Debug|Any CPU
		{CADA06C4-A8F1-4AEA-9E39-E24172B57D57}.Release|Any CPU.ActiveCfg = Release|Any CPU
		{CADA06C4-A8F1-4AEA-9E39-E24172B57D57}.Release|Any CPU.Build.0 = Release|Any CPU
	EndGlobalSection
	GlobalSection(SolutionProperties) = preSolution
		HideSolutionNode = FALSE
	EndGlobalSection
	GlobalSection(ExtensibilityGlobals) = postSolution
		SolutionGuid = {6B505634-8CCF-47D5-9D79-7568982D8271}
	EndGlobalSection
EndGlobal
